
Microsoft Visual Studio Solution File, Format Version 12.00
# Visual Studio Version 17
VisualStudioVersion = 17.0.31903.59
MinimumVisualStudioVersion = 10.0.40219.1
Project("{2150E333-8FDC-42A3-9474-1A3956D46DE8}") = "Services", "Services", "{F3C754EA-6769-42B1-A223-FE16B2242BE6}"
EndProject
Project("{9A19103F-16F7-4668-BE54-9A1E7A4F7556}") = "MultiShop.Catalog", "Services\MultiShop.Catalog\MultiShop.Catalog.csproj", "{BB9BCFF9-0C2F-4668-98A8-157076E3A28B}"
EndProject
Project("{9A19103F-16F7-4668-BE54-9A1E7A4F7556}") = "MulitShop.Discount", "Services\MulitShop.Discount\MulitShop.Discount.csproj", "{9BAA9B15-493C-438D-B4EF-5E4E7D34F9CB}"
EndProject
Project("{2150E333-8FDC-42A3-9474-1A3956D46DE8}") = "Discount", "Discount", "{46DBACAE-734D-4FA5-8BA4-EAB41EECA188}"
EndProject
Project("{2150E333-8FDC-42A3-9474-1A3956D46DE8}") = "Catalog", "Catalog", "{F924E307-FCEE-4E78-84E1-6A82532DEDA6}"
EndProject
Project("{2150E333-8FDC-42A3-9474-1A3956D46DE8}") = "Order", "Order", "{145AF8A2-4D5E-41EB-92DA-FC21A705BD62}"
EndProject
Project("{2150E333-8FDC-42A3-9474-1A3956D46DE8}") = "Core", "Core", "{007FC399-EFE7-4086-ADED-E10583AB094E}"
EndProject
Project("{2150E333-8FDC-42A3-9474-1A3956D46DE8}") = "Infastructure", "Infastructure", "{451063F2-179D-42EE-9F61-22914BE65735}"
EndProject
Project("{2150E333-8FDC-42A3-9474-1A3956D46DE8}") = "Presentation", "Presentation", "{5DFF7722-E158-4B41-9813-24D384193319}"
EndProject
Project("{9A19103F-16F7-4668-BE54-9A1E7A4F7556}") = "MultiShop.Order.Domain", "Services\Order\Core\MultiShop.Order.Domain\MultiShop.Order.Domain.csproj", "{FC99B52F-F1F9-4440-BB4E-008D93B16882}"
EndProject
Project("{9A19103F-16F7-4668-BE54-9A1E7A4F7556}") = "MultiShop.Order.Application", "Services\Order\Core\MultiShop.Order.Application\MultiShop.Order.Application.csproj", "{8F8A9DEF-7771-4825-ABE1-A0A4D6393912}"
EndProject
Project("{9A19103F-16F7-4668-BE54-9A1E7A4F7556}") = "MultiShop.Order.Persistence", "Services\Order\Infastructure\MultiShop.Order.Persistence\MultiShop.Order.Persistence.csproj", "{5D13505B-4B85-4C32-9122-8D388B245750}"
EndProject
Project("{9A19103F-16F7-4668-BE54-9A1E7A4F7556}") = "MultiShop.Order.WebApi", "Services\Order\Presentation\MultiShop.Order.WebApi\MultiShop.Order.WebApi.csproj", "{4EB6B560-A796-4658-94CB-EB2D92F5EDF2}"
EndProject
Project("{2150E333-8FDC-42A3-9474-1A3956D46DE8}") = "ProjectImg", "ProjectImg", "{CB20D596-BBA7-4AF1-842C-88F4B817CA60}"
	ProjectSection(SolutionItems) = preProject
		Services\Order\Presentation\MultiShop.Order.WebApi\onionarch.png = Services\Order\Presentation\MultiShop.Order.WebApi\onionarch.png
	EndProjectSection
EndProject
Project("{2150E333-8FDC-42A3-9474-1A3956D46DE8}") = "Solution Items", "Solution Items", "{629C0F98-E7B4-4312-B0F7-ECE7603C0E44}"
	ProjectSection(SolutionItems) = preProject
		README.md = README.md
	EndProjectSection
EndProject
Project("{2150E333-8FDC-42A3-9474-1A3956D46DE8}") = "IdentityServer", "IdentityServer", "{8792B044-72A2-44BF-84BF-88460A587FEB}"
EndProject
Project("{9A19103F-16F7-4668-BE54-9A1E7A4F7556}") = "MultiShop.IdentityServer", "IdentityServer\MultiShop.IdentityServer\MultiShop.IdentityServer.csproj", "{BE13176D-F48D-4910-8271-C63ABC755D8A}"
EndProject
Project("{2150E333-8FDC-42A3-9474-1A3956D46DE8}") = "Cargo", "Cargo", "{9B879F97-E23E-4578-BC48-EB174663DB28}"
EndProject
Project("{FAE04EC0-301F-11D3-BF4B-00C04F79EFBC}") = "MultiShop.Cargo.EntityLayer", "Services\Cargo\MultiShop.Cargo.EntityLayer\MultiShop.Cargo.EntityLayer.csproj", "{1BCD4B47-9772-4BFA-B3CA-15847B1C5212}"
EndProject
Project("{FAE04EC0-301F-11D3-BF4B-00C04F79EFBC}") = "MutliShop.Cargo.BusinessLayer", "Services\Cargo\MutliShop.Cargo.BusinessLayer\MutliShop.Cargo.BusinessLayer.csproj", "{E48581C6-809B-4302-A1D6-190EF2883DCC}"
EndProject
Project("{FAE04EC0-301F-11D3-BF4B-00C04F79EFBC}") = "MultiShop.Cargo.DataAccessLayer", "Services\Cargo\MultiShop.Cargo.DataAccessLayer\MultiShop.Cargo.DataAccessLayer.csproj", "{466DC456-6954-4357-A72B-62900E05A3D3}"
EndProject
Project("{FAE04EC0-301F-11D3-BF4B-00C04F79EFBC}") = "MultiShop.Cargo.DtoLayer", "Services\Cargo\MultiShop.Cargo.DtoLayer\MultiShop.Cargo.DtoLayer.csproj", "{B39F4A8F-27D1-4BD5-98C7-9E570D270A51}"
EndProject
Project("{FAE04EC0-301F-11D3-BF4B-00C04F79EFBC}") = "MultiShop.Cargo.WebApi", "Services\Cargo\MultiShop.Cargo.WebApi\MultiShop.Cargo.WebApi.csproj", "{9E035341-E8C3-4C45-87CF-E6EED17F84F3}"
EndProject
Project("{2150E333-8FDC-42A3-9474-1A3956D46DE8}") = "Basket", "Basket", "{A2C0A89D-015F-4608-A414-863E1E072AC7}"
EndProject
Project("{FAE04EC0-301F-11D3-BF4B-00C04F79EFBC}") = "MultiShop.Basket", "Services\Basket\MultiShop.Basket\MultiShop.Basket.csproj", "{3065BA44-F0B3-4EC0-BCFE-32EBA95AA8F5}"
EndProject
Project("{2150E333-8FDC-42A3-9474-1A3956D46DE8}") = "Frontends", "Frontends", "{E8B9EAC3-CADD-41C9-8A4C-E71B5EDC36CE}"
EndProject
Project("{FAE04EC0-301F-11D3-BF4B-00C04F79EFBC}") = "MultiShop.WebUI", "MultiShop\Frontends\MultiShop.WebUI\MultiShop.WebUI.csproj", "{67802D92-6DE8-4535-9A3B-DD048522FE59}"
EndProject
Project("{FAE04EC0-301F-11D3-BF4B-00C04F79EFBC}") = "MultiShop.DtoLayer", "MultiShop\Frontends\MultiShop.DtoLayer\MultiShop.DtoLayer.csproj", "{73154E02-9316-4439-BFB6-069450F059E1}"
EndProject
Project("{2150E333-8FDC-42A3-9474-1A3956D46DE8}") = "Comment", "Comment", "{E4F36D84-6EF1-4C88-BB72-0673C76FD444}"
EndProject
Project("{FAE04EC0-301F-11D3-BF4B-00C04F79EFBC}") = "MultiShop.Comment", "Services\Comment\MultiShop.Comment\MultiShop.Comment.csproj", "{1D9A8450-F069-4054-973F-CF4A2BC13CD9}"
EndProject
Project("{2150E333-8FDC-42A3-9474-1A3956D46DE8}") = "ApiGateway", "ApiGateway", "{FB077F39-75D8-40EE-8E7F-9CA4D0E33955}"
EndProject
Project("{2150E333-8FDC-42A3-9474-1A3956D46DE8}") = "RapidApi", "RapidApi", "{28C24B59-5CF3-4619-82A2-714445C4C6C9}"
EndProject
Project("{FAE04EC0-301F-11D3-BF4B-00C04F79EFBC}") = "MultiShop.OcelotGateway", "ApiGateway\MultiShop.OcelotGateway\MultiShop.OcelotGateway.csproj", "{E51C25DB-2399-4AB3-8AB1-A976C8AED7B7}"
EndProject
Project("{2150E333-8FDC-42A3-9474-1A3956D46DE8}") = "Payment", "Payment", "{FC3DE99E-4B76-4C31-B9B0-7107430F5BE4}"
EndProject
Project("{FAE04EC0-301F-11D3-BF4B-00C04F79EFBC}") = "MultiShop.Payment", "Services\Payment\MultiShop.Payment\MultiShop.Payment.csproj", "{699D0D7A-84D7-47A7-BAB6-B4BA852E014F}"
EndProject
Project("{2150E333-8FDC-42A3-9474-1A3956D46DE8}") = "Images", "Images", "{890A67A4-942E-408B-A40F-4FB7A25123B0}"
EndProject
Project("{FAE04EC0-301F-11D3-BF4B-00C04F79EFBC}") = "MultiShop.Images", "Services\Images\MultiShop.Images\MultiShop.Images.csproj", "{295FA846-F413-48BB-9D43-187963B5ADCE}"
EndProject
Project("{2150E333-8FDC-42A3-9474-1A3956D46DE8}") = "Message", "Message", "{87D76A9D-12C9-46AE-9415-B2637F1FAAB7}"
EndProject
Project("{FAE04EC0-301F-11D3-BF4B-00C04F79EFBC}") = "MultiShop.Message", "Services\Message\MultiShop.Message\MultiShop.Message.csproj", "{4FF04155-6A2B-40EC-839D-E222B1CAC9A6}"
EndProject
Project("{2150E333-8FDC-42A3-9474-1A3956D46DE8}") = "SignalRRealTime", "SignalRRealTime", "{05448D49-C285-4BD7-AA1C-41556CBFFC25}"
EndProject
Project("{FAE04EC0-301F-11D3-BF4B-00C04F79EFBC}") = "MultiShop.SignalRRealTimeApi", "Services\SignalRRealTime\MultiShop.SignalRRealTimeApi\MultiShop.SignalRRealTimeApi.csproj", "{BB320D83-8298-4052-867C-B0D0D31C5C95}"
EndProject
Global
	GlobalSection(SolutionConfigurationPlatforms) = preSolution
		Debug|Any CPU = Debug|Any CPU
		Release|Any CPU = Release|Any CPU
	EndGlobalSection
	GlobalSection(ProjectConfigurationPlatforms) = postSolution
		{BB9BCFF9-0C2F-4668-98A8-157076E3A28B}.Debug|Any CPU.ActiveCfg = Debug|Any CPU
		{BB9BCFF9-0C2F-4668-98A8-157076E3A28B}.Debug|Any CPU.Build.0 = Debug|Any CPU
		{BB9BCFF9-0C2F-4668-98A8-157076E3A28B}.Release|Any CPU.ActiveCfg = Release|Any CPU
		{BB9BCFF9-0C2F-4668-98A8-157076E3A28B}.Release|Any CPU.Build.0 = Release|Any CPU
		{9BAA9B15-493C-438D-B4EF-5E4E7D34F9CB}.Debug|Any CPU.ActiveCfg = Debug|Any CPU
		{9BAA9B15-493C-438D-B4EF-5E4E7D34F9CB}.Debug|Any CPU.Build.0 = Debug|Any CPU
		{9BAA9B15-493C-438D-B4EF-5E4E7D34F9CB}.Release|Any CPU.ActiveCfg = Release|Any CPU
		{9BAA9B15-493C-438D-B4EF-5E4E7D34F9CB}.Release|Any CPU.Build.0 = Release|Any CPU
		{FC99B52F-F1F9-4440-BB4E-008D93B16882}.Debug|Any CPU.ActiveCfg = Debug|Any CPU
		{FC99B52F-F1F9-4440-BB4E-008D93B16882}.Debug|Any CPU.Build.0 = Debug|Any CPU
		{FC99B52F-F1F9-4440-BB4E-008D93B16882}.Release|Any CPU.ActiveCfg = Release|Any CPU
		{FC99B52F-F1F9-4440-BB4E-008D93B16882}.Release|Any CPU.Build.0 = Release|Any CPU
		{8F8A9DEF-7771-4825-ABE1-A0A4D6393912}.Debug|Any CPU.ActiveCfg = Debug|Any CPU
		{8F8A9DEF-7771-4825-ABE1-A0A4D6393912}.Debug|Any CPU.Build.0 = Debug|Any CPU
		{8F8A9DEF-7771-4825-ABE1-A0A4D6393912}.Release|Any CPU.ActiveCfg = Release|Any CPU
		{8F8A9DEF-7771-4825-ABE1-A0A4D6393912}.Release|Any CPU.Build.0 = Release|Any CPU
		{5D13505B-4B85-4C32-9122-8D388B245750}.Debug|Any CPU.ActiveCfg = Debug|Any CPU
		{5D13505B-4B85-4C32-9122-8D388B245750}.Debug|Any CPU.Build.0 = Debug|Any CPU
		{5D13505B-4B85-4C32-9122-8D388B245750}.Release|Any CPU.ActiveCfg = Release|Any CPU
		{5D13505B-4B85-4C32-9122-8D388B245750}.Release|Any CPU.Build.0 = Release|Any CPU
		{4EB6B560-A796-4658-94CB-EB2D92F5EDF2}.Debug|Any CPU.ActiveCfg = Debug|Any CPU
		{4EB6B560-A796-4658-94CB-EB2D92F5EDF2}.Debug|Any CPU.Build.0 = Debug|Any CPU
		{4EB6B560-A796-4658-94CB-EB2D92F5EDF2}.Release|Any CPU.ActiveCfg = Release|Any CPU
		{4EB6B560-A796-4658-94CB-EB2D92F5EDF2}.Release|Any CPU.Build.0 = Release|Any CPU
		{BE13176D-F48D-4910-8271-C63ABC755D8A}.Debug|Any CPU.ActiveCfg = Debug|Any CPU
		{BE13176D-F48D-4910-8271-C63ABC755D8A}.Debug|Any CPU.Build.0 = Debug|Any CPU
		{BE13176D-F48D-4910-8271-C63ABC755D8A}.Release|Any CPU.ActiveCfg = Release|Any CPU
		{BE13176D-F48D-4910-8271-C63ABC755D8A}.Release|Any CPU.Build.0 = Release|Any CPU
		{1BCD4B47-9772-4BFA-B3CA-15847B1C5212}.Debug|Any CPU.ActiveCfg = Debug|Any CPU
		{1BCD4B47-9772-4BFA-B3CA-15847B1C5212}.Debug|Any CPU.Build.0 = Debug|Any CPU
		{1BCD4B47-9772-4BFA-B3CA-15847B1C5212}.Release|Any CPU.ActiveCfg = Release|Any CPU
		{1BCD4B47-9772-4BFA-B3CA-15847B1C5212}.Release|Any CPU.Build.0 = Release|Any CPU
		{E48581C6-809B-4302-A1D6-190EF2883DCC}.Debug|Any CPU.ActiveCfg = Debug|Any CPU
		{E48581C6-809B-4302-A1D6-190EF2883DCC}.Debug|Any CPU.Build.0 = Debug|Any CPU
		{E48581C6-809B-4302-A1D6-190EF2883DCC}.Release|Any CPU.ActiveCfg = Release|Any CPU
		{E48581C6-809B-4302-A1D6-190EF2883DCC}.Release|Any CPU.Build.0 = Release|Any CPU
		{466DC456-6954-4357-A72B-62900E05A3D3}.Debug|Any CPU.ActiveCfg = Debug|Any CPU
		{466DC456-6954-4357-A72B-62900E05A3D3}.Debug|Any CPU.Build.0 = Debug|Any CPU
		{466DC456-6954-4357-A72B-62900E05A3D3}.Release|Any CPU.ActiveCfg = Release|Any CPU
		{466DC456-6954-4357-A72B-62900E05A3D3}.Release|Any CPU.Build.0 = Release|Any CPU
		{B39F4A8F-27D1-4BD5-98C7-9E570D270A51}.Debug|Any CPU.ActiveCfg = Debug|Any CPU
		{B39F4A8F-27D1-4BD5-98C7-9E570D270A51}.Debug|Any CPU.Build.0 = Debug|Any CPU
		{B39F4A8F-27D1-4BD5-98C7-9E570D270A51}.Release|Any CPU.ActiveCfg = Release|Any CPU
		{B39F4A8F-27D1-4BD5-98C7-9E570D270A51}.Release|Any CPU.Build.0 = Release|Any CPU
		{9E035341-E8C3-4C45-87CF-E6EED17F84F3}.Debug|Any CPU.ActiveCfg = Debug|Any CPU
		{9E035341-E8C3-4C45-87CF-E6EED17F84F3}.Debug|Any CPU.Build.0 = Debug|Any CPU
		{9E035341-E8C3-4C45-87CF-E6EED17F84F3}.Release|Any CPU.ActiveCfg = Release|Any CPU
		{9E035341-E8C3-4C45-87CF-E6EED17F84F3}.Release|Any CPU.Build.0 = Release|Any CPU
		{3065BA44-F0B3-4EC0-BCFE-32EBA95AA8F5}.Debug|Any CPU.ActiveCfg = Debug|Any CPU
		{3065BA44-F0B3-4EC0-BCFE-32EBA95AA8F5}.Debug|Any CPU.Build.0 = Debug|Any CPU
		{3065BA44-F0B3-4EC0-BCFE-32EBA95AA8F5}.Release|Any CPU.ActiveCfg = Release|Any CPU
		{3065BA44-F0B3-4EC0-BCFE-32EBA95AA8F5}.Release|Any CPU.Build.0 = Release|Any CPU
		{67802D92-6DE8-4535-9A3B-DD048522FE59}.Debug|Any CPU.ActiveCfg = Debug|Any CPU
		{67802D92-6DE8-4535-9A3B-DD048522FE59}.Debug|Any CPU.Build.0 = Debug|Any CPU
		{67802D92-6DE8-4535-9A3B-DD048522FE59}.Release|Any CPU.ActiveCfg = Release|Any CPU
		{67802D92-6DE8-4535-9A3B-DD048522FE59}.Release|Any CPU.Build.0 = Release|Any CPU
		{73154E02-9316-4439-BFB6-069450F059E1}.Debug|Any CPU.ActiveCfg = Debug|Any CPU
		{73154E02-9316-4439-BFB6-069450F059E1}.Debug|Any CPU.Build.0 = Debug|Any CPU
		{73154E02-9316-4439-BFB6-069450F059E1}.Release|Any CPU.ActiveCfg = Release|Any CPU
		{73154E02-9316-4439-BFB6-069450F059E1}.Release|Any CPU.Build.0 = Release|Any CPU
		{1D9A8450-F069-4054-973F-CF4A2BC13CD9}.Debug|Any CPU.ActiveCfg = Debug|Any CPU
		{1D9A8450-F069-4054-973F-CF4A2BC13CD9}.Debug|Any CPU.Build.0 = Debug|Any CPU
		{1D9A8450-F069-4054-973F-CF4A2BC13CD9}.Release|Any CPU.ActiveCfg = Release|Any CPU
		{1D9A8450-F069-4054-973F-CF4A2BC13CD9}.Release|Any CPU.Build.0 = Release|Any CPU
		{E51C25DB-2399-4AB3-8AB1-A976C8AED7B7}.Debug|Any CPU.ActiveCfg = Debug|Any CPU
		{E51C25DB-2399-4AB3-8AB1-A976C8AED7B7}.Debug|Any CPU.Build.0 = Debug|Any CPU
		{E51C25DB-2399-4AB3-8AB1-A976C8AED7B7}.Release|Any CPU.ActiveCfg = Release|Any CPU
		{E51C25DB-2399-4AB3-8AB1-A976C8AED7B7}.Release|Any CPU.Build.0 = Release|Any CPU
		{699D0D7A-84D7-47A7-BAB6-B4BA852E014F}.Debug|Any CPU.ActiveCfg = Debug|Any CPU
		{699D0D7A-84D7-47A7-BAB6-B4BA852E014F}.Debug|Any CPU.Build.0 = Debug|Any CPU
		{699D0D7A-84D7-47A7-BAB6-B4BA852E014F}.Release|Any CPU.ActiveCfg = Release|Any CPU
		{699D0D7A-84D7-47A7-BAB6-B4BA852E014F}.Release|Any CPU.Build.0 = Release|Any CPU
		{295FA846-F413-48BB-9D43-187963B5ADCE}.Debug|Any CPU.ActiveCfg = Debug|Any CPU
		{295FA846-F413-48BB-9D43-187963B5ADCE}.Debug|Any CPU.Build.0 = Debug|Any CPU
		{295FA846-F413-48BB-9D43-187963B5ADCE}.Release|Any CPU.ActiveCfg = Release|Any CPU
		{295FA846-F413-48BB-9D43-187963B5ADCE}.Release|Any CPU.Build.0 = Release|Any CPU
		{4FF04155-6A2B-40EC-839D-E222B1CAC9A6}.Debug|Any CPU.ActiveCfg = Debug|Any CPU
		{4FF04155-6A2B-40EC-839D-E222B1CAC9A6}.Debug|Any CPU.Build.0 = Debug|Any CPU
		{4FF04155-6A2B-40EC-839D-E222B1CAC9A6}.Release|Any CPU.ActiveCfg = Release|Any CPU
		{4FF04155-6A2B-40EC-839D-E222B1CAC9A6}.Release|Any CPU.Build.0 = Release|Any CPU
		{BB320D83-8298-4052-867C-B0D0D31C5C95}.Debug|Any CPU.ActiveCfg = Debug|Any CPU
		{BB320D83-8298-4052-867C-B0D0D31C5C95}.Debug|Any CPU.Build.0 = Debug|Any CPU
		{BB320D83-8298-4052-867C-B0D0D31C5C95}.Release|Any CPU.ActiveCfg = Release|Any CPU
		{BB320D83-8298-4052-867C-B0D0D31C5C95}.Release|Any CPU.Build.0 = Release|Any CPU
	EndGlobalSection
	GlobalSection(SolutionProperties) = preSolution
		HideSolutionNode = FALSE
	EndGlobalSection
	GlobalSection(NestedProjects) = preSolution
		{BB9BCFF9-0C2F-4668-98A8-157076E3A28B} = {F924E307-FCEE-4E78-84E1-6A82532DEDA6}
		{9BAA9B15-493C-438D-B4EF-5E4E7D34F9CB} = {46DBACAE-734D-4FA5-8BA4-EAB41EECA188}
		{46DBACAE-734D-4FA5-8BA4-EAB41EECA188} = {F3C754EA-6769-42B1-A223-FE16B2242BE6}
		{F924E307-FCEE-4E78-84E1-6A82532DEDA6} = {F3C754EA-6769-42B1-A223-FE16B2242BE6}
		{145AF8A2-4D5E-41EB-92DA-FC21A705BD62} = {F3C754EA-6769-42B1-A223-FE16B2242BE6}
		{007FC399-EFE7-4086-ADED-E10583AB094E} = {145AF8A2-4D5E-41EB-92DA-FC21A705BD62}
		{451063F2-179D-42EE-9F61-22914BE65735} = {145AF8A2-4D5E-41EB-92DA-FC21A705BD62}
		{5DFF7722-E158-4B41-9813-24D384193319} = {145AF8A2-4D5E-41EB-92DA-FC21A705BD62}
		{FC99B52F-F1F9-4440-BB4E-008D93B16882} = {007FC399-EFE7-4086-ADED-E10583AB094E}
		{8F8A9DEF-7771-4825-ABE1-A0A4D6393912} = {007FC399-EFE7-4086-ADED-E10583AB094E}
		{5D13505B-4B85-4C32-9122-8D388B245750} = {451063F2-179D-42EE-9F61-22914BE65735}
		{4EB6B560-A796-4658-94CB-EB2D92F5EDF2} = {5DFF7722-E158-4B41-9813-24D384193319}
		{CB20D596-BBA7-4AF1-842C-88F4B817CA60} = {145AF8A2-4D5E-41EB-92DA-FC21A705BD62}
		{BE13176D-F48D-4910-8271-C63ABC755D8A} = {8792B044-72A2-44BF-84BF-88460A587FEB}
		{9B879F97-E23E-4578-BC48-EB174663DB28} = {F3C754EA-6769-42B1-A223-FE16B2242BE6}
		{1BCD4B47-9772-4BFA-B3CA-15847B1C5212} = {9B879F97-E23E-4578-BC48-EB174663DB28}
		{E48581C6-809B-4302-A1D6-190EF2883DCC} = {9B879F97-E23E-4578-BC48-EB174663DB28}
		{466DC456-6954-4357-A72B-62900E05A3D3} = {9B879F97-E23E-4578-BC48-EB174663DB28}
		{B39F4A8F-27D1-4BD5-98C7-9E570D270A51} = {9B879F97-E23E-4578-BC48-EB174663DB28}
		{9E035341-E8C3-4C45-87CF-E6EED17F84F3} = {9B879F97-E23E-4578-BC48-EB174663DB28}
		{A2C0A89D-015F-4608-A414-863E1E072AC7} = {F3C754EA-6769-42B1-A223-FE16B2242BE6}
		{3065BA44-F0B3-4EC0-BCFE-32EBA95AA8F5} = {A2C0A89D-015F-4608-A414-863E1E072AC7}
		{67802D92-6DE8-4535-9A3B-DD048522FE59} = {E8B9EAC3-CADD-41C9-8A4C-E71B5EDC36CE}
		{73154E02-9316-4439-BFB6-069450F059E1} = {E8B9EAC3-CADD-41C9-8A4C-E71B5EDC36CE}
		{E4F36D84-6EF1-4C88-BB72-0673C76FD444} = {F3C754EA-6769-42B1-A223-FE16B2242BE6}
		{1D9A8450-F069-4054-973F-CF4A2BC13CD9} = {E4F36D84-6EF1-4C88-BB72-0673C76FD444}
		{E51C25DB-2399-4AB3-8AB1-A976C8AED7B7} = {FB077F39-75D8-40EE-8E7F-9CA4D0E33955}
		{FC3DE99E-4B76-4C31-B9B0-7107430F5BE4} = {F3C754EA-6769-42B1-A223-FE16B2242BE6}
		{699D0D7A-84D7-47A7-BAB6-B4BA852E014F} = {FC3DE99E-4B76-4C31-B9B0-7107430F5BE4}
		{890A67A4-942E-408B-A40F-4FB7A25123B0} = {F3C754EA-6769-42B1-A223-FE16B2242BE6}
		{295FA846-F413-48BB-9D43-187963B5ADCE} = {890A67A4-942E-408B-A40F-4FB7A25123B0}
		{87D76A9D-12C9-46AE-9415-B2637F1FAAB7} = {F3C754EA-6769-42B1-A223-FE16B2242BE6}
		{4FF04155-6A2B-40EC-839D-E222B1CAC9A6} = {87D76A9D-12C9-46AE-9415-B2637F1FAAB7}
		{05448D49-C285-4BD7-AA1C-41556CBFFC25} = {F3C754EA-6769-42B1-A223-FE16B2242BE6}
		{BB320D83-8298-4052-867C-B0D0D31C5C95} = {05448D49-C285-4BD7-AA1C-41556CBFFC25}
	EndGlobalSection
	GlobalSection(ExtensibilityGlobals) = postSolution
		SolutionGuid = {A4CE5299-4953-4DA8-B42E-6B40F45A0418}
	EndGlobalSection
EndGlobal
