
Microsoft Visual Studio Solution File, Format Version 12.00
# Visual Studio Version 17
VisualStudioVersion = 17.0.31903.59
MinimumVisualStudioVersion = 10.0.40219.1
Project("{2150E333-8FDC-42A3-9474-1A3956D46DE8}") = "Services", "Services", "{F3C754EA-6769-42B1-A223-FE16B2242BE6}"
EndProject
Project("{9A19103F-16F7-4668-BE54-9A1E7A4F7556}") = "MultiShop.Catalog", "Services\MultiShop.Catalog\MultiShop.Catalog.csproj", "{BB9BCFF9-0C2F-4668-98A8-157076E3A28B}"
EndProject
Project("{9A19103F-16F7-4668-BE54-9A1E7A4F7556}") = "MulitShop.Discount", "Services\MulitShop.Discount\MulitShop.Discount.csproj", "{9BAA9B15-493C-438D-B4EF-5E4E7D34F9CB}"
EndProject
Project("{2150E333-8FDC-42A3-9474-1A3956D46DE8}") = "Discount", "Discount", "{46DBACAE-734D-4FA5-8BA4-EAB41EECA188}"
EndProject
Project("{2150E333-8FDC-42A3-9474-1A3956D46DE8}") = "Catalog", "Catalog", "{F924E307-FCEE-4E78-84E1-6A82532DEDA6}"
EndProject
Project("{2150E333-8FDC-42A3-9474-1A3956D46DE8}") = "Order", "Order", "{145AF8A2-4D5E-41EB-92DA-FC21A705BD62}"
	ProjectSection(SolutionItems) = preProject
		README.md = README.md
	EndProjectSection
EndProject
Project("{2150E333-8FDC-42A3-9474-1A3956D46DE8}") = "Core", "Core", "{007FC399-EFE7-4086-ADED-E10583AB094E}"
EndProject
Project("{2150E333-8FDC-42A3-9474-1A3956D46DE8}") = "Infastructure", "Infastructure", "{451063F2-179D-42EE-9F61-22914BE65735}"
EndProject
Project("{2150E333-8FDC-42A3-9474-1A3956D46DE8}") = "Presentation", "Presentation", "{5DFF7722-E158-4B41-9813-24D384193319}"
EndProject
Project("{9A19103F-16F7-4668-BE54-9A1E7A4F7556}") = "MultiShop.Order.Domain", "Services\Order\Core\MultiShop.Order.Domain\MultiShop.Order.Domain.csproj", "{FC99B52F-F1F9-4440-BB4E-008D93B16882}"
EndProject
Project("{9A19103F-16F7-4668-BE54-9A1E7A4F7556}") = "MultiShop.Order.Application", "Services\Order\Core\MultiShop.Order.Application\MultiShop.Order.Application.csproj", "{8F8A9DEF-7771-4825-ABE1-A0A4D6393912}"
EndProject
Project("{9A19103F-16F7-4668-BE54-9A1E7A4F7556}") = "MultiShop.Order.Persistence", "Services\Order\Infastructure\MultiShop.Order.Persistence\MultiShop.Order.Persistence.csproj", "{5D13505B-4B85-4C32-9122-8D388B245750}"
EndProject
Project("{9A19103F-16F7-4668-BE54-9A1E7A4F7556}") = "MultiShop.Order.WebApi", "Services\Order\Presentation\MultiShop.Order.WebApi\MultiShop.Order.WebApi.csproj", "{4EB6B560-A796-4658-94CB-EB2D92F5EDF2}"
EndProject
Project("{2150E333-8FDC-42A3-9474-1A3956D46DE8}") = "ProjectImg", "ProjectImg", "{CB20D596-BBA7-4AF1-842C-88F4B817CA60}"
	ProjectSection(SolutionItems) = preProject
		Services\Order\Presentation\MultiShop.Order.WebApi\onionarch.png = Services\Order\Presentation\MultiShop.Order.WebApi\onionarch.png
	EndProjectSection
EndProject
Global
	GlobalSection(SolutionConfigurationPlatforms) = preSolution
		Debug|Any CPU = Debug|Any CPU
		Release|Any CPU = Release|Any CPU
	EndGlobalSection
	GlobalSection(ProjectConfigurationPlatforms) = postSolution
		{BB9BCFF9-0C2F-4668-98A8-157076E3A28B}.Debug|Any CPU.ActiveCfg = Debug|Any CPU
		{BB9BCFF9-0C2F-4668-98A8-157076E3A28B}.Debug|Any CPU.Build.0 = Debug|Any CPU
		{BB9BCFF9-0C2F-4668-98A8-157076E3A28B}.Release|Any CPU.ActiveCfg = Release|Any CPU
		{BB9BCFF9-0C2F-4668-98A8-157076E3A28B}.Release|Any CPU.Build.0 = Release|Any CPU
		{9BAA9B15-493C-438D-B4EF-5E4E7D34F9CB}.Debug|Any CPU.ActiveCfg = Debug|Any CPU
		{9BAA9B15-493C-438D-B4EF-5E4E7D34F9CB}.Debug|Any CPU.Build.0 = Debug|Any CPU
		{9BAA9B15-493C-438D-B4EF-5E4E7D34F9CB}.Release|Any CPU.ActiveCfg = Release|Any CPU
		{9BAA9B15-493C-438D-B4EF-5E4E7D34F9CB}.Release|Any CPU.Build.0 = Release|Any CPU
		{FC99B52F-F1F9-4440-BB4E-008D93B16882}.Debug|Any CPU.ActiveCfg = Debug|Any CPU
		{FC99B52F-F1F9-4440-BB4E-008D93B16882}.Debug|Any CPU.Build.0 = Debug|Any CPU
		{FC99B52F-F1F9-4440-BB4E-008D93B16882}.Release|Any CPU.ActiveCfg = Release|Any CPU
		{FC99B52F-F1F9-4440-BB4E-008D93B16882}.Release|Any CPU.Build.0 = Release|Any CPU
		{8F8A9DEF-7771-4825-ABE1-A0A4D6393912}.Debug|Any CPU.ActiveCfg = Debug|Any CPU
		{8F8A9DEF-7771-4825-ABE1-A0A4D6393912}.Debug|Any CPU.Build.0 = Debug|Any CPU
		{8F8A9DEF-7771-4825-ABE1-A0A4D6393912}.Release|Any CPU.ActiveCfg = Release|Any CPU
		{8F8A9DEF-7771-4825-ABE1-A0A4D6393912}.Release|Any CPU.Build.0 = Release|Any CPU
		{5D13505B-4B85-4C32-9122-8D388B245750}.Debug|Any CPU.ActiveCfg = Debug|Any CPU
		{5D13505B-4B85-4C32-9122-8D388B245750}.Debug|Any CPU.Build.0 = Debug|Any CPU
		{5D13505B-4B85-4C32-9122-8D388B245750}.Release|Any CPU.ActiveCfg = Release|Any CPU
		{5D13505B-4B85-4C32-9122-8D388B245750}.Release|Any CPU.Build.0 = Release|Any CPU
		{4EB6B560-A796-4658-94CB-EB2D92F5EDF2}.Debug|Any CPU.ActiveCfg = Debug|Any CPU
		{4EB6B560-A796-4658-94CB-EB2D92F5EDF2}.Debug|Any CPU.Build.0 = Debug|Any CPU
		{4EB6B560-A796-4658-94CB-EB2D92F5EDF2}.Release|Any CPU.ActiveCfg = Release|Any CPU
		{4EB6B560-A796-4658-94CB-EB2D92F5EDF2}.Release|Any CPU.Build.0 = Release|Any CPU
	EndGlobalSection
	GlobalSection(SolutionProperties) = preSolution
		HideSolutionNode = FALSE
	EndGlobalSection
	GlobalSection(NestedProjects) = preSolution
		{BB9BCFF9-0C2F-4668-98A8-157076E3A28B} = {F924E307-FCEE-4E78-84E1-6A82532DEDA6}
		{9BAA9B15-493C-438D-B4EF-5E4E7D34F9CB} = {46DBACAE-734D-4FA5-8BA4-EAB41EECA188}
		{46DBACAE-734D-4FA5-8BA4-EAB41EECA188} = {F3C754EA-6769-42B1-A223-FE16B2242BE6}
		{F924E307-FCEE-4E78-84E1-6A82532DEDA6} = {F3C754EA-6769-42B1-A223-FE16B2242BE6}
		{145AF8A2-4D5E-41EB-92DA-FC21A705BD62} = {F3C754EA-6769-42B1-A223-FE16B2242BE6}
		{007FC399-EFE7-4086-ADED-E10583AB094E} = {145AF8A2-4D5E-41EB-92DA-FC21A705BD62}
		{451063F2-179D-42EE-9F61-22914BE65735} = {145AF8A2-4D5E-41EB-92DA-FC21A705BD62}
		{5DFF7722-E158-4B41-9813-24D384193319} = {145AF8A2-4D5E-41EB-92DA-FC21A705BD62}
		{FC99B52F-F1F9-4440-BB4E-008D93B16882} = {007FC399-EFE7-4086-ADED-E10583AB094E}
		{8F8A9DEF-7771-4825-ABE1-A0A4D6393912} = {007FC399-EFE7-4086-ADED-E10583AB094E}
		{5D13505B-4B85-4C32-9122-8D388B245750} = {451063F2-179D-42EE-9F61-22914BE65735}
		{4EB6B560-A796-4658-94CB-EB2D92F5EDF2} = {5DFF7722-E158-4B41-9813-24D384193319}
		{CB20D596-BBA7-4AF1-842C-88F4B817CA60} = {145AF8A2-4D5E-41EB-92DA-FC21A705BD62}
	EndGlobalSection
	GlobalSection(ExtensibilityGlobals) = postSolution
		SolutionGuid = {A4CE5299-4953-4DA8-B42E-6B40F45A0418}
	EndGlobalSection
EndGlobal
